// !$*UTF8*$!
{
	archiveVersion = 1;
	classes = {
	};
	objectVersion = 55;
	objects = {

/* Begin PBXBuildFile section */
		1DA1A0402954E9390060E3AB /* AppDelegate.swift in Sources */ = {isa = PBXBuildFile; fileRef = 1DA1A03F2954E9390060E3AB /* AppDelegate.swift */; };
		1DA1A0422954E9390060E3AB /* SceneDelegate.swift in Sources */ = {isa = PBXBuildFile; fileRef = 1DA1A0412954E9390060E3AB /* SceneDelegate.swift */; };
		1DA1A0472954E9390060E3AB /* Main.storyboard in Resources */ = {isa = PBXBuildFile; fileRef = 1DA1A0452954E9390060E3AB /* Main.storyboard */; };
		1DA1A04C2954E93B0060E3AB /* Assets.xcassets in Resources */ = {isa = PBXBuildFile; fileRef = 1DA1A04B2954E93B0060E3AB /* Assets.xcassets */; };
		1DA1A04F2954E93B0060E3AB /* LaunchScreen.storyboard in Resources */ = {isa = PBXBuildFile; fileRef = 1DA1A04D2954E93B0060E3AB /* LaunchScreen.storyboard */; };
		1DA1A0572954E9AF0060E3AB /* NotesViewController.swift in Sources */ = {isa = PBXBuildFile; fileRef = 1DA1A0562954E9AF0060E3AB /* NotesViewController.swift */; };
		1DA1A0592954EDB90060E3AB /* Note.swift in Sources */ = {isa = PBXBuildFile; fileRef = 1DA1A0582954EDB90060E3AB /* Note.swift */; };
		1DA1A05F295524BF0060E3AB /* NoteViewController.swift in Sources */ = {isa = PBXBuildFile; fileRef = 1DA1A05E295524BF0060E3AB /* NoteViewController.swift */; };
		1DA1A0612955253C0060E3AB /* Constants.swift in Sources */ = {isa = PBXBuildFile; fileRef = 1DA1A0602955253C0060E3AB /* Constants.swift */; };
		1DC3145929571DD8001D119B /* ButtonCheckbox.swift in Sources */ = {isa = PBXBuildFile; fileRef = 1DC3145829571DD8001D119B /* ButtonCheckbox.swift */; };
		1DC3145D29572591001D119B /* NoteCell.swift in Sources */ = {isa = PBXBuildFile; fileRef = 1DC3145C29572591001D119B /* NoteCell.swift */; };
		1DC3146429573A30001D119B /* NoteCellWithButton.swift in Sources */ = {isa = PBXBuildFile; fileRef = 1DC3146229573A30001D119B /* NoteCellWithButton.swift */; };
		1DC3146529573A30001D119B /* NoteCellWithButton.xib in Resources */ = {isa = PBXBuildFile; fileRef = 1DC3146329573A30001D119B /* NoteCellWithButton.xib */; };
		1DC3146B29580698001D119B /* SaveData.swift in Sources */ = {isa = PBXBuildFile; fileRef = 1DC3146A29580698001D119B /* SaveData.swift */; };
		1DC3146D295808DA001D119B /* SaveDataProtocol.swift in Sources */ = {isa = PBXBuildFile; fileRef = 1DC3146C295808DA001D119B /* SaveDataProtocol.swift */; };
		1DC3146F29593076001D119B /* NoteToolbar.swift in Sources */ = {isa = PBXBuildFile; fileRef = 1DC3146E29593076001D119B /* NoteToolbar.swift */; };
		1DC3147329593B64001D119B /* NoteToolbarDelegate.swift in Sources */ = {isa = PBXBuildFile; fileRef = 1DC3147229593B64001D119B /* NoteToolbarDelegate.swift */; };
		1DC314752959450A001D119B /* NoteToolbarProtocol.swift in Sources */ = {isa = PBXBuildFile; fileRef = 1DC314742959450A001D119B /* NoteToolbarProtocol.swift */; };
		1DC3147D295A8F18001D119B /* UIFont+extenstion.swift in Sources */ = {isa = PBXBuildFile; fileRef = 1DC3147C295A8F18001D119B /* UIFont+extenstion.swift */; };
/* End PBXBuildFile section */

/* Begin PBXFileReference section */
		1DA1A03C2954E9390060E3AB /* Notes.app */ = {isa = PBXFileReference; explicitFileType = wrapper.application; includeInIndex = 0; path = Notes.app; sourceTree = BUILT_PRODUCTS_DIR; };
		1DA1A03F2954E9390060E3AB /* AppDelegate.swift */ = {isa = PBXFileReference; lastKnownFileType = sourcecode.swift; path = AppDelegate.swift; sourceTree = "<group>"; };
		1DA1A0412954E9390060E3AB /* SceneDelegate.swift */ = {isa = PBXFileReference; lastKnownFileType = sourcecode.swift; path = SceneDelegate.swift; sourceTree = "<group>"; };
		1DA1A0462954E9390060E3AB /* Base */ = {isa = PBXFileReference; lastKnownFileType = file.storyboard; name = Base; path = Base.lproj/Main.storyboard; sourceTree = "<group>"; };
		1DA1A04B2954E93B0060E3AB /* Assets.xcassets */ = {isa = PBXFileReference; lastKnownFileType = folder.assetcatalog; path = Assets.xcassets; sourceTree = "<group>"; };
		1DA1A04E2954E93B0060E3AB /* Base */ = {isa = PBXFileReference; lastKnownFileType = file.storyboard; name = Base; path = Base.lproj/LaunchScreen.storyboard; sourceTree = "<group>"; };
		1DA1A0502954E93B0060E3AB /* Info.plist */ = {isa = PBXFileReference; lastKnownFileType = text.plist.xml; path = Info.plist; sourceTree = "<group>"; };
		1DA1A0562954E9AF0060E3AB /* NotesViewController.swift */ = {isa = PBXFileReference; lastKnownFileType = sourcecode.swift; path = NotesViewController.swift; sourceTree = "<group>"; };
		1DA1A0582954EDB90060E3AB /* Note.swift */ = {isa = PBXFileReference; lastKnownFileType = sourcecode.swift; path = Note.swift; sourceTree = "<group>"; };
		1DA1A05E295524BF0060E3AB /* NoteViewController.swift */ = {isa = PBXFileReference; lastKnownFileType = sourcecode.swift; path = NoteViewController.swift; sourceTree = "<group>"; };
		1DA1A0602955253C0060E3AB /* Constants.swift */ = {isa = PBXFileReference; lastKnownFileType = sourcecode.swift; path = Constants.swift; sourceTree = "<group>"; };
		1DC3145829571DD8001D119B /* ButtonCheckbox.swift */ = {isa = PBXFileReference; lastKnownFileType = sourcecode.swift; path = ButtonCheckbox.swift; sourceTree = "<group>"; };
		1DC3145C29572591001D119B /* NoteCell.swift */ = {isa = PBXFileReference; lastKnownFileType = sourcecode.swift; path = NoteCell.swift; sourceTree = "<group>"; };
		1DC3146229573A30001D119B /* NoteCellWithButton.swift */ = {isa = PBXFileReference; lastKnownFileType = sourcecode.swift; path = NoteCellWithButton.swift; sourceTree = "<group>"; };
		1DC3146329573A30001D119B /* NoteCellWithButton.xib */ = {isa = PBXFileReference; lastKnownFileType = file.xib; path = NoteCellWithButton.xib; sourceTree = "<group>"; };
		1DC3146A29580698001D119B /* SaveData.swift */ = {isa = PBXFileReference; lastKnownFileType = sourcecode.swift; path = SaveData.swift; sourceTree = "<group>"; };
		1DC3146C295808DA001D119B /* SaveDataProtocol.swift */ = {isa = PBXFileReference; lastKnownFileType = sourcecode.swift; path = SaveDataProtocol.swift; sourceTree = "<group>"; };
		1DC3146E29593076001D119B /* NoteToolbar.swift */ = {isa = PBXFileReference; lastKnownFileType = sourcecode.swift; path = NoteToolbar.swift; sourceTree = "<group>"; };
		1DC3147229593B64001D119B /* NoteToolbarDelegate.swift */ = {isa = PBXFileReference; lastKnownFileType = sourcecode.swift; path = NoteToolbarDelegate.swift; sourceTree = "<group>"; };
		1DC314742959450A001D119B /* NoteToolbarProtocol.swift */ = {isa = PBXFileReference; lastKnownFileType = sourcecode.swift; path = NoteToolbarProtocol.swift; sourceTree = "<group>"; };
		1DC3147C295A8F18001D119B /* UIFont+extenstion.swift */ = {isa = PBXFileReference; lastKnownFileType = sourcecode.swift; path = "UIFont+extenstion.swift"; sourceTree = "<group>"; };
/* End PBXFileReference section */

/* Begin PBXFrameworksBuildPhase section */
		1DA1A0392954E9390060E3AB /* Frameworks */ = {
			isa = PBXFrameworksBuildPhase;
			buildActionMask = 2147483647;
			files = (
			);
			runOnlyForDeploymentPostprocessing = 0;
		};
/* End PBXFrameworksBuildPhase section */

/* Begin PBXGroup section */
		1DA1A0332954E9390060E3AB = {
			isa = PBXGroup;
			children = (
				1DA1A03E2954E9390060E3AB /* Notes */,
				1DA1A03F2954E9390060E3AB /* AppDelegate.swift */,
				1DA1A0412954E9390060E3AB /* SceneDelegate.swift */,
				1DA1A03D2954E9390060E3AB /* Products */,
			);
			sourceTree = "<group>";
		};
		1DA1A03D2954E9390060E3AB /* Products */ = {
			isa = PBXGroup;
			children = (
				1DA1A03C2954E9390060E3AB /* Notes.app */,
			);
			name = Products;
			sourceTree = "<group>";
		};
		1DA1A03E2954E9390060E3AB /* Notes */ = {
			isa = PBXGroup;
			children = (
				1DA1A05A29550D3C0060E3AB /* Models */,
				1DA1A05D29551CCE0060E3AB /* View */,
				1DA1A05C29550DE00060E3AB /* Controllers */,
				1DC3147B295A8EFC001D119B /* Helpers */,
				1DA1A05B29550D650060E3AB /* Resources */,
			);
			path = Notes;
			sourceTree = "<group>";
		};
		1DA1A05A29550D3C0060E3AB /* Models */ = {
			isa = PBXGroup;
			children = (
				1DC3145829571DD8001D119B /* ButtonCheckbox.swift */,
				1DA1A0582954EDB90060E3AB /* Note.swift */,
				1DC3146A29580698001D119B /* SaveData.swift */,
				1DC3146C295808DA001D119B /* SaveDataProtocol.swift */,
				1DC314742959450A001D119B /* NoteToolbarProtocol.swift */,
				1DC3147229593B64001D119B /* NoteToolbarDelegate.swift */,
			);
			path = Models;
			sourceTree = "<group>";
		};
		1DA1A05B29550D650060E3AB /* Resources */ = {
			isa = PBXGroup;
			children = (
				1DA1A0602955253C0060E3AB /* Constants.swift */,
				1DA1A04D2954E93B0060E3AB /* LaunchScreen.storyboard */,
				1DA1A04B2954E93B0060E3AB /* Assets.xcassets */,
				1DA1A0502954E93B0060E3AB /* Info.plist */,
			);
			path = Resources;
			sourceTree = "<group>";
		};
		1DA1A05C29550DE00060E3AB /* Controllers */ = {
			isa = PBXGroup;
			children = (
				1DA1A0562954E9AF0060E3AB /* NotesViewController.swift */,
				1DA1A05E295524BF0060E3AB /* NoteViewController.swift */,
			);
			path = Controllers;
			sourceTree = "<group>";
		};
		1DA1A05D29551CCE0060E3AB /* View */ = {
			isa = PBXGroup;
			children = (
				1DC3146E29593076001D119B /* NoteToolbar.swift */,
				1DC3145C29572591001D119B /* NoteCell.swift */,
				1DC3146229573A30001D119B /* NoteCellWithButton.swift */,
				1DC3146329573A30001D119B /* NoteCellWithButton.xib */,
				1DA1A0452954E9390060E3AB /* Main.storyboard */,
			);
			path = View;
			sourceTree = "<group>";
		};
		1DC3147B295A8EFC001D119B /* Helpers */ = {
			isa = PBXGroup;
			children = (
				1DC3147C295A8F18001D119B /* UIFont+extenstion.swift */,
			);
			path = Helpers;
			sourceTree = "<group>";
		};
/* End PBXGroup section */

/* Begin PBXNativeTarget section */
		1DA1A03B2954E9390060E3AB /* Notes */ = {
			isa = PBXNativeTarget;
			buildConfigurationList = 1DA1A0532954E93B0060E3AB /* Build configuration list for PBXNativeTarget "Notes" */;
			buildPhases = (
				1DA1A0382954E9390060E3AB /* Sources */,
				1DA1A0392954E9390060E3AB /* Frameworks */,
				1DA1A03A2954E9390060E3AB /* Resources */,
			);
			buildRules = (
			);
			dependencies = (
			);
			name = Notes;
			productName = Notes;
			productReference = 1DA1A03C2954E9390060E3AB /* Notes.app */;
			productType = "com.apple.product-type.application";
		};
/* End PBXNativeTarget section */

/* Begin PBXProject section */
		1DA1A0342954E9390060E3AB /* Project object */ = {
			isa = PBXProject;
			attributes = {
				BuildIndependentTargetsInParallel = 1;
				LastSwiftUpdateCheck = 1340;
				LastUpgradeCheck = 1340;
				TargetAttributes = {
					1DA1A03B2954E9390060E3AB = {
						CreatedOnToolsVersion = 13.4.1;
					};
				};
			};
			buildConfigurationList = 1DA1A0372954E9390060E3AB /* Build configuration list for PBXProject "Notes" */;
			compatibilityVersion = "Xcode 13.0";
			developmentRegion = en;
			hasScannedForEncodings = 0;
			knownRegions = (
				en,
				Base,
			);
			mainGroup = 1DA1A0332954E9390060E3AB;
			productRefGroup = 1DA1A03D2954E9390060E3AB /* Products */;
			projectDirPath = "";
			projectRoot = "";
			targets = (
				1DA1A03B2954E9390060E3AB /* Notes */,
			);
		};
/* End PBXProject section */

/* Begin PBXResourcesBuildPhase section */
		1DA1A03A2954E9390060E3AB /* Resources */ = {
			isa = PBXResourcesBuildPhase;
			buildActionMask = 2147483647;
			files = (
				1DA1A04F2954E93B0060E3AB /* LaunchScreen.storyboard in Resources */,
				1DC3146529573A30001D119B /* NoteCellWithButton.xib in Resources */,
				1DA1A04C2954E93B0060E3AB /* Assets.xcassets in Resources */,
				1DA1A0472954E9390060E3AB /* Main.storyboard in Resources */,
			);
			runOnlyForDeploymentPostprocessing = 0;
		};
/* End PBXResourcesBuildPhase section */

/* Begin PBXSourcesBuildPhase section */
		1DA1A0382954E9390060E3AB /* Sources */ = {
			isa = PBXSourcesBuildPhase;
			buildActionMask = 2147483647;
			files = (
				1DA1A0592954EDB90060E3AB /* Note.swift in Sources */,
				1DA1A0402954E9390060E3AB /* AppDelegate.swift in Sources */,
				1DC3145929571DD8001D119B /* ButtonCheckbox.swift in Sources */,
				1DC3147D295A8F18001D119B /* UIFont+extenstion.swift in Sources */,
				1DA1A0422954E9390060E3AB /* SceneDelegate.swift in Sources */,
				1DC3146D295808DA001D119B /* SaveDataProtocol.swift in Sources */,
				1DC3146F29593076001D119B /* NoteToolbar.swift in Sources */,
				1DC3146B29580698001D119B /* SaveData.swift in Sources */,
				1DC314752959450A001D119B /* NoteToolbarProtocol.swift in Sources */,
				1DC3146429573A30001D119B /* NoteCellWithButton.swift in Sources */,
				1DA1A05F295524BF0060E3AB /* NoteViewController.swift in Sources */,
				1DC3145D29572591001D119B /* NoteCell.swift in Sources */,
				1DC3147329593B64001D119B /* NoteToolbarDelegate.swift in Sources */,
				1DA1A0612955253C0060E3AB /* Constants.swift in Sources */,
				1DA1A0572954E9AF0060E3AB /* NotesViewController.swift in Sources */,
			);
			runOnlyForDeploymentPostprocessing = 0;
		};
/* End PBXSourcesBuildPhase section */

/* Begin PBXVariantGroup section */
		1DA1A0452954E9390060E3AB /* Main.storyboard */ = {
			isa = PBXVariantGroup;
			children = (
				1DA1A0462954E9390060E3AB /* Base */,
			);
			name = Main.storyboard;
			sourceTree = "<group>";
		};
		1DA1A04D2954E93B0060E3AB /* LaunchScreen.storyboard */ = {
			isa = PBXVariantGroup;
			children = (
				1DA1A04E2954E93B0060E3AB /* Base */,
			);
			name = LaunchScreen.storyboard;
			sourceTree = "<group>";
		};
/* End PBXVariantGroup section */

/* Begin XCBuildConfiguration section */
		1DA1A0512954E93B0060E3AB /* Debug */ = {
			isa = XCBuildConfiguration;
			buildSettings = {
				ALWAYS_SEARCH_USER_PATHS = NO;
				CLANG_ANALYZER_NONNULL = YES;
				CLANG_ANALYZER_NUMBER_OBJECT_CONVERSION = YES_AGGRESSIVE;
				CLANG_CXX_LANGUAGE_STANDARD = "gnu++17";
				CLANG_ENABLE_MODULES = YES;
				CLANG_ENABLE_OBJC_ARC = YES;
				CLANG_ENABLE_OBJC_WEAK = YES;
				CLANG_WARN_BLOCK_CAPTURE_AUTORELEASING = YES;
				CLANG_WARN_BOOL_CONVERSION = YES;
				CLANG_WARN_COMMA = YES;
				CLANG_WARN_CONSTANT_CONVERSION = YES;
				CLANG_WARN_DEPRECATED_OBJC_IMPLEMENTATIONS = YES;
				CLANG_WARN_DIRECT_OBJC_ISA_USAGE = YES_ERROR;
				CLANG_WARN_DOCUMENTATION_COMMENTS = YES;
				CLANG_WARN_EMPTY_BODY = YES;
				CLANG_WARN_ENUM_CONVERSION = YES;
				CLANG_WARN_INFINITE_RECURSION = YES;
				CLANG_WARN_INT_CONVERSION = YES;
				CLANG_WARN_NON_LITERAL_NULL_CONVERSION = YES;
				CLANG_WARN_OBJC_IMPLICIT_RETAIN_SELF = YES;
				CLANG_WARN_OBJC_LITERAL_CONVERSION = YES;
				CLANG_WARN_OBJC_ROOT_CLASS = YES_ERROR;
				CLANG_WARN_QUOTED_INCLUDE_IN_FRAMEWORK_HEADER = YES;
				CLANG_WARN_RANGE_LOOP_ANALYSIS = YES;
				CLANG_WARN_STRICT_PROTOTYPES = YES;
				CLANG_WARN_SUSPICIOUS_MOVE = YES;
				CLANG_WARN_UNGUARDED_AVAILABILITY = YES_AGGRESSIVE;
				CLANG_WARN_UNREACHABLE_CODE = YES;
				CLANG_WARN__DUPLICATE_METHOD_MATCH = YES;
				COPY_PHASE_STRIP = NO;
				DEBUG_INFORMATION_FORMAT = dwarf;
				ENABLE_STRICT_OBJC_MSGSEND = YES;
				ENABLE_TESTABILITY = YES;
				GCC_C_LANGUAGE_STANDARD = gnu11;
				GCC_DYNAMIC_NO_PIC = NO;
				GCC_NO_COMMON_BLOCKS = YES;
				GCC_OPTIMIZATION_LEVEL = 0;
				GCC_PREPROCESSOR_DEFINITIONS = (
					"DEBUG=1",
					"$(inherited)",
				);
				GCC_WARN_64_TO_32_BIT_CONVERSION = YES;
				GCC_WARN_ABOUT_RETURN_TYPE = YES_ERROR;
				GCC_WARN_UNDECLARED_SELECTOR = YES;
				GCC_WARN_UNINITIALIZED_AUTOS = YES_AGGRESSIVE;
				GCC_WARN_UNUSED_FUNCTION = YES;
				GCC_WARN_UNUSED_VARIABLE = YES;
				IPHONEOS_DEPLOYMENT_TARGET = 15.5;
				MTL_ENABLE_DEBUG_INFO = INCLUDE_SOURCE;
				MTL_FAST_MATH = YES;
				ONLY_ACTIVE_ARCH = YES;
				SDKROOT = iphoneos;
				SWIFT_ACTIVE_COMPILATION_CONDITIONS = DEBUG;
				SWIFT_OPTIMIZATION_LEVEL = "-Onone";
			};
			name = Debug;
		};
		1DA1A0522954E93B0060E3AB /* Release */ = {
			isa = XCBuildConfiguration;
			buildSettings = {
				ALWAYS_SEARCH_USER_PATHS = NO;
				CLANG_ANALYZER_NONNULL = YES;
				CLANG_ANALYZER_NUMBER_OBJECT_CONVERSION = YES_AGGRESSIVE;
				CLANG_CXX_LANGUAGE_STANDARD = "gnu++17";
				CLANG_ENABLE_MODULES = YES;
				CLANG_ENABLE_OBJC_ARC = YES;
				CLANG_ENABLE_OBJC_WEAK = YES;
				CLANG_WARN_BLOCK_CAPTURE_AUTORELEASING = YES;
				CLANG_WARN_BOOL_CONVERSION = YES;
				CLANG_WARN_COMMA = YES;
				CLANG_WARN_CONSTANT_CONVERSION = YES;
				CLANG_WARN_DEPRECATED_OBJC_IMPLEMENTATIONS = YES;
				CLANG_WARN_DIRECT_OBJC_ISA_USAGE = YES_ERROR;
				CLANG_WARN_DOCUMENTATION_COMMENTS = YES;
				CLANG_WARN_EMPTY_BODY = YES;
				CLANG_WARN_ENUM_CONVERSION = YES;
				CLANG_WARN_INFINITE_RECURSION = YES;
				CLANG_WARN_INT_CONVERSION = YES;
				CLANG_WARN_NON_LITERAL_NULL_CONVERSION = YES;
				CLANG_WARN_OBJC_IMPLICIT_RETAIN_SELF = YES;
				CLANG_WARN_OBJC_LITERAL_CONVERSION = YES;
				CLANG_WARN_OBJC_ROOT_CLASS = YES_ERROR;
				CLANG_WARN_QUOTED_INCLUDE_IN_FRAMEWORK_HEADER = YES;
				CLANG_WARN_RANGE_LOOP_ANALYSIS = YES;
				CLANG_WARN_STRICT_PROTOTYPES = YES;
				CLANG_WARN_SUSPICIOUS_MOVE = YES;
				CLANG_WARN_UNGUARDED_AVAILABILITY = YES_AGGRESSIVE;
				CLANG_WARN_UNREACHABLE_CODE = YES;
				CLANG_WARN__DUPLICATE_METHOD_MATCH = YES;
				COPY_PHASE_STRIP = NO;
				DEBUG_INFORMATION_FORMAT = "dwarf-with-dsym";
				ENABLE_NS_ASSERTIONS = NO;
				ENABLE_STRICT_OBJC_MSGSEND = YES;
				GCC_C_LANGUAGE_STANDARD = gnu11;
				GCC_NO_COMMON_BLOCKS = YES;
				GCC_WARN_64_TO_32_BIT_CONVERSION = YES;
				GCC_WARN_ABOUT_RETURN_TYPE = YES_ERROR;
				GCC_WARN_UNDECLARED_SELECTOR = YES;
				GCC_WARN_UNINITIALIZED_AUTOS = YES_AGGRESSIVE;
				GCC_WARN_UNUSED_FUNCTION = YES;
				GCC_WARN_UNUSED_VARIABLE = YES;
				IPHONEOS_DEPLOYMENT_TARGET = 15.5;
				MTL_ENABLE_DEBUG_INFO = NO;
				MTL_FAST_MATH = YES;
				SDKROOT = iphoneos;
				SWIFT_COMPILATION_MODE = wholemodule;
				SWIFT_OPTIMIZATION_LEVEL = "-O";
				VALIDATE_PRODUCT = YES;
			};
			name = Release;
		};
		1DA1A0542954E93B0060E3AB /* Debug */ = {
			isa = XCBuildConfiguration;
			buildSettings = {
				ASSETCATALOG_COMPILER_APPICON_NAME = AppIcon;
				ASSETCATALOG_COMPILER_GLOBAL_ACCENT_COLOR_NAME = AccentColor;
				CODE_SIGN_STYLE = Automatic;
				CURRENT_PROJECT_VERSION = 1;
				DEVELOPMENT_TEAM = CCJ53Q5CP4;
				GENERATE_INFOPLIST_FILE = YES;
				INFOPLIST_FILE = Notes/Resources/Info.plist;
				INFOPLIST_KEY_UIApplicationSupportsIndirectInputEvents = YES;
				INFOPLIST_KEY_UILaunchStoryboardName = LaunchScreen;
				INFOPLIST_KEY_UIMainStoryboardFile = Main;
				INFOPLIST_KEY_UISupportedInterfaceOrientations = "";
				INFOPLIST_KEY_UISupportedInterfaceOrientations_iPad = "UIInterfaceOrientationPortrait UIInterfaceOrientationPortraitUpsideDown UIInterfaceOrientationLandscapeLeft UIInterfaceOrientationLandscapeRight";
				INFOPLIST_KEY_UISupportedInterfaceOrientations_iPhone = "UIInterfaceOrientationPortrait UIInterfaceOrientationLandscapeLeft UIInterfaceOrientationLandscapeRight";
				LD_RUNPATH_SEARCH_PATHS = (
					"$(inherited)",
					"@executable_path/Frameworks",
				);
				MARKETING_VERSION = 1.0;
				PRODUCT_BUNDLE_IDENTIFIER = maxim.faskhetdinov.Notes;
				PRODUCT_NAME = "$(TARGET_NAME)";
				SWIFT_EMIT_LOC_STRINGS = YES;
				SWIFT_VERSION = 5.0;
				TARGETED_DEVICE_FAMILY = "1,2";
			};
			name = Debug;
		};
		1DA1A0552954E93B0060E3AB /* Release */ = {
			isa = XCBuildConfiguration;
			buildSettings = {
				ASSETCATALOG_COMPILER_APPICON_NAME = AppIcon;
				ASSETCATALOG_COMPILER_GLOBAL_ACCENT_COLOR_NAME = AccentColor;
				CODE_SIGN_STYLE = Automatic;
				CURRENT_PROJECT_VERSION = 1;
				DEVELOPMENT_TEAM = CCJ53Q5CP4;
				GENERATE_INFOPLIST_FILE = YES;
				INFOPLIST_FILE = Notes/Resources/Info.plist;
				INFOPLIST_KEY_UIApplicationSupportsIndirectInputEvents = YES;
				INFOPLIST_KEY_UILaunchStoryboardName = LaunchScreen;
				INFOPLIST_KEY_UIMainStoryboardFile = Main;
				INFOPLIST_KEY_UISupportedInterfaceOrientations = "";
				INFOPLIST_KEY_UISupportedInterfaceOrientations_iPad = "UIInterfaceOrientationPortrait UIInterfaceOrientationPortraitUpsideDown UIInterfaceOrientationLandscapeLeft UIInterfaceOrientationLandscapeRight";
				INFOPLIST_KEY_UISupportedInterfaceOrientations_iPhone = "UIInterfaceOrientationPortrait UIInterfaceOrientationLandscapeLeft UIInterfaceOrientationLandscapeRight";
				LD_RUNPATH_SEARCH_PATHS = (
					"$(inherited)",
					"@executable_path/Frameworks",
				);
				MARKETING_VERSION = 1.0;
				PRODUCT_BUNDLE_IDENTIFIER = maxim.faskhetdinov.Notes;
				PRODUCT_NAME = "$(TARGET_NAME)";
				SWIFT_EMIT_LOC_STRINGS = YES;
				SWIFT_VERSION = 5.0;
				TARGETED_DEVICE_FAMILY = "1,2";
			};
			name = Release;
		};
/* End XCBuildConfiguration section */

/* Begin XCConfigurationList section */
		1DA1A0372954E9390060E3AB /* Build configuration list for PBXProject "Notes" */ = {
			isa = XCConfigurationList;
			buildConfigurations = (
				1DA1A0512954E93B0060E3AB /* Debug */,
				1DA1A0522954E93B0060E3AB /* Release */,
			);
			defaultConfigurationIsVisible = 0;
			defaultConfigurationName = Release;
		};
		1DA1A0532954E93B0060E3AB /* Build configuration list for PBXNativeTarget "Notes" */ = {
			isa = XCConfigurationList;
			buildConfigurations = (
				1DA1A0542954E93B0060E3AB /* Debug */,
				1DA1A0552954E93B0060E3AB /* Release */,
			);
			defaultConfigurationIsVisible = 0;
			defaultConfigurationName = Release;
		};
/* End XCConfigurationList section */
	};
	rootObject = 1DA1A0342954E9390060E3AB /* Project object */;
}
